{
  "name": "ex-05",
  "lockfileVersion": 3,
  "requires": true,
  "packages": {
    "": {
      "dependencies": {
        "aganitha-stn-7-ex-5": "github:jacodegithub/Aganitha-js-stn-7-ex-5"
      }
    },
    "node_modules/aganitha-stn-7-ex-5": {
      "version": "1.0.0",
      "resolved": "git+ssh://git@github.com/jacodegithub/Aganitha-js-stn-7-ex-5.git#87d93721077e3fb4d08eb04f942720c75c9b630d",
      "license": "ISC"
    }
  }
}
