{
  "name": "Global Event Tracker",
  "lockfileVersion": 3,
  "requires": true,
  "packages": {
    "": {
      "dependencies": {
        "lucide": "^0.292.0"
      }
    },
    "node_modules/lucide": {
      "version": "0.292.0",
      "resolved": "https://registry.npmjs.org/lucide/-/lucide-0.292.0.tgz",
      "integrity": "sha512-30r4YbM6nfLiDNzS/YSFLNt/g98XIxBfFwtxF9yYJNpYyAq+iwQx8kM6MWxnh21WuQSkAbEQyru46y5IbCoUjw=="
    }
  }
}
